
Microsoft Visual Studio Solution File, Format Version 12.00
# Visual Studio Version 17
VisualStudioVersion = 17.0.31903.59
MinimumVisualStudioVersion = 10.0.40219.1
Project("{FAE04EC0-301F-11D3-BF4B-00C04F79EFBC}") = "API", "API\API.csproj", "{A26DFC2A-CBDF-4A15-A418-AA5B6AF831B8}"
EndProject
Project("{FAE04EC0-301F-11D3-BF4B-00C04F79EFBC}") = "Application", "Application\Application.csproj", "{C03B23B5-4B46-468D-9F23-E8DC488A6AD0}"
EndProject
Project("{FAE04EC0-301F-11D3-BF4B-00C04F79EFBC}") = "Domain", "Domain\Domain.csproj", "{9398ABF5-26D1-46C6-AA98-4AA8B133DF3E}"
EndProject
Project("{FAE04EC0-301F-11D3-BF4B-00C04F79EFBC}") = "Persistence", "Persistence\Persistence.csproj", "{346BF6BE-7BCB-4C21-A736-95349AD79F5D}"
EndProject
Global
	GlobalSection(SolutionConfigurationPlatforms) = preSolution
		Debug|Any CPU = Debug|Any CPU
		Release|Any CPU = Release|Any CPU
	EndGlobalSection
	GlobalSection(SolutionProperties) = preSolution
		HideSolutionNode = FALSE
	EndGlobalSection
	GlobalSection(ProjectConfigurationPlatforms) = postSolution
		{A26DFC2A-CBDF-4A15-A418-AA5B6AF831B8}.Debug|Any CPU.ActiveCfg = Debug|Any CPU
		{A26DFC2A-CBDF-4A15-A418-AA5B6AF831B8}.Debug|Any CPU.Build.0 = Debug|Any CPU
		{A26DFC2A-CBDF-4A15-A418-AA5B6AF831B8}.Release|Any CPU.ActiveCfg = Release|Any CPU
		{A26DFC2A-CBDF-4A15-A418-AA5B6AF831B8}.Release|Any CPU.Build.0 = Release|Any CPU
		{C03B23B5-4B46-468D-9F23-E8DC488A6AD0}.Debug|Any CPU.ActiveCfg = Debug|Any CPU
		{C03B23B5-4B46-468D-9F23-E8DC488A6AD0}.Debug|Any CPU.Build.0 = Debug|Any CPU
		{C03B23B5-4B46-468D-9F23-E8DC488A6AD0}.Release|Any CPU.ActiveCfg = Release|Any CPU
		{C03B23B5-4B46-468D-9F23-E8DC488A6AD0}.Release|Any CPU.Build.0 = Release|Any CPU
		{9398ABF5-26D1-46C6-AA98-4AA8B133DF3E}.Debug|Any CPU.ActiveCfg = Debug|Any CPU
		{9398ABF5-26D1-46C6-AA98-4AA8B133DF3E}.Debug|Any CPU.Build.0 = Debug|Any CPU
		{9398ABF5-26D1-46C6-AA98-4AA8B133DF3E}.Release|Any CPU.ActiveCfg = Release|Any CPU
		{9398ABF5-26D1-46C6-AA98-4AA8B133DF3E}.Release|Any CPU.Build.0 = Release|Any CPU
		{346BF6BE-7BCB-4C21-A736-95349AD79F5D}.Debug|Any CPU.ActiveCfg = Debug|Any CPU
		{346BF6BE-7BCB-4C21-A736-95349AD79F5D}.Debug|Any CPU.Build.0 = Debug|Any CPU
		{346BF6BE-7BCB-4C21-A736-95349AD79F5D}.Release|Any CPU.ActiveCfg = Release|Any CPU
		{346BF6BE-7BCB-4C21-A736-95349AD79F5D}.Release|Any CPU.Build.0 = Release|Any CPU
	EndGlobalSection
EndGlobal
